<?xml version="1.0" encoding="UTF-8"?>
<Scheme
   version = "1.3">
   <BuildAction>
      <BuildActionEntries>
         <BuildActionEntry
            buildForRunning = "YES">
            <BuildableReference
               BuildableIdentifier = "primary"
               BlueprintIdentifier = "E37540252886964F0053783E"
               BuildableName = "TestRutokenWrapper.app"
               BlueprintName = "TestRutokenWrapper"
               ReferencedContainer = "container:TestRutokenWrapper.xcodeproj">
            </BuildableReference>
         </BuildActionEntry>
      </BuildActionEntries>
   </BuildAction>
   <LaunchAction
      useCustomWorkingDirectory = "NO"
      buildConfiguration = "Debug"
      allowLocationSimulation = "YES">
      <BuildableProductRunnable>
         <BuildableReference
            BuildableIdentifier = "primary"
            BlueprintIdentifier = "E37540252886964F0053783E"
            BuildableName = "TestRutokenWrapper.app"
            BlueprintName = "TestRutokenWrapper"
            ReferencedContainer = "container:TestRutokenWrapper.xcodeproj">
         </BuildableReference>
      </BuildableProductRunnable>
   </LaunchAction>
</Scheme>
