// !$*UTF8*$!
{
	archiveVersion = 1;
	classes = {
	};
	objectVersion = 55;
	objects = {

/* Begin PBXBuildFile section */
		E388EFD1288659890037DF1C /* RutokenSigning.docc in Sources */ = {isa = PBXBuildFile; fileRef = E388EFD0288659890037DF1C /* RutokenSigning.docc */; };
		E388EFD7288659890037DF1C /* RutokenSigning.framework in Frameworks */ = {isa = PBXBuildFile; fileRef = E388EFCC288659890037DF1C /* RutokenSigning.framework */; };
		E388EFDC288659890037DF1C /* RutokenSigningTests.swift in Sources */ = {isa = PBXBuildFile; fileRef = E388EFDB288659890037DF1C /* RutokenSigningTests.swift */; };
		E388EFDD288659890037DF1C /* RutokenSigning.h in Headers */ = {isa = PBXBuildFile; fileRef = E388EFCF288659890037DF1C /* RutokenSigning.h */; settings = {ATTRIBUTES = (Public, ); }; };
		E3F8F04D288663E500A01A6E /* Test.swift in Sources */ = {isa = PBXBuildFile; fileRef = E3F8F04C288663E500A01A6E /* Test.swift */; };
/* End PBXBuildFile section */

/* Begin PBXContainerItemProxy section */
		E388EFD8288659890037DF1C /* PBXContainerItemProxy */ = {
			isa = PBXContainerItemProxy;
			containerPortal = E388EFC3288659890037DF1C /* Project object */;
			proxyType = 1;
			remoteGlobalIDString = E388EFCB288659890037DF1C;
			remoteInfo = RutokenSigning;
		};
/* End PBXContainerItemProxy section */

/* Begin PBXFileReference section */
		E388EFCC288659890037DF1C /* RutokenSigning.framework */ = {isa = PBXFileReference; explicitFileType = wrapper.framework; includeInIndex = 0; path = RutokenSigning.framework; sourceTree = BUILT_PRODUCTS_DIR; };
		E388EFCF288659890037DF1C /* RutokenSigning.h */ = {isa = PBXFileReference; lastKnownFileType = sourcecode.c.h; path = RutokenSigning.h; sourceTree = "<group>"; };
		E388EFD0288659890037DF1C /* RutokenSigning.docc */ = {isa = PBXFileReference; lastKnownFileType = folder.documentationcatalog; path = RutokenSigning.docc; sourceTree = "<group>"; };
		E388EFD6288659890037DF1C /* RutokenSigningTests.xctest */ = {isa = PBXFileReference; explicitFileType = wrapper.cfbundle; includeInIndex = 0; path = RutokenSigningTests.xctest; sourceTree = BUILT_PRODUCTS_DIR; };
		E388EFDB288659890037DF1C /* RutokenSigningTests.swift */ = {isa = PBXFileReference; lastKnownFileType = sourcecode.swift; path = RutokenSigningTests.swift; sourceTree = "<group>"; };
		E3F8F04C288663E500A01A6E /* Test.swift */ = {isa = PBXFileReference; lastKnownFileType = sourcecode.swift; path = Test.swift; sourceTree = "<group>"; };
/* End PBXFileReference section */

/* Begin PBXFrameworksBuildPhase section */
		E388EFC9288659890037DF1C /* Frameworks */ = {
			isa = PBXFrameworksBuildPhase;
			buildActionMask = 2147483647;
			files = (
			);
			runOnlyForDeploymentPostprocessing = 0;
		};
		E388EFD3288659890037DF1C /* Frameworks */ = {
			isa = PBXFrameworksBuildPhase;
			buildActionMask = 2147483647;
			files = (
				E388EFD7288659890037DF1C /* RutokenSigning.framework in Frameworks */,
			);
			runOnlyForDeploymentPostprocessing = 0;
		};
/* End PBXFrameworksBuildPhase section */

/* Begin PBXGroup section */
		E388EFC2288659890037DF1C = {
			isa = PBXGroup;
			children = (
				E388EFCE288659890037DF1C /* RutokenSigning */,
				E388EFDA288659890037DF1C /* RutokenSigningTests */,
				E388EFCD288659890037DF1C /* Products */,
			);
			sourceTree = "<group>";
		};
		E388EFCD288659890037DF1C /* Products */ = {
			isa = PBXGroup;
			children = (
				E388EFCC288659890037DF1C /* RutokenSigning.framework */,
				E388EFD6288659890037DF1C /* RutokenSigningTests.xctest */,
			);
			name = Products;
			sourceTree = "<group>";
		};
		E388EFCE288659890037DF1C /* RutokenSigning */ = {
			isa = PBXGroup;
			children = (
				E388EFCF288659890037DF1C /* RutokenSigning.h */,
				E388EFD0288659890037DF1C /* RutokenSigning.docc */,
				E3F8F04C288663E500A01A6E /* Test.swift */,
			);
			path = RutokenSigning;
			sourceTree = "<group>";
		};
		E388EFDA288659890037DF1C /* RutokenSigningTests */ = {
			isa = PBXGroup;
			children = (
				E388EFDB288659890037DF1C /* RutokenSigningTests.swift */,
			);
			path = RutokenSigningTests;
			sourceTree = "<group>";
		};
/* End PBXGroup section */

/* Begin PBXHeadersBuildPhase section */
		E388EFC7288659890037DF1C /* Headers */ = {
			isa = PBXHeadersBuildPhase;
			buildActionMask = 2147483647;
			files = (
				E388EFDD288659890037DF1C /* RutokenSigning.h in Headers */,
			);
			runOnlyForDeploymentPostprocessing = 0;
		};
/* End PBXHeadersBuildPhase section */

/* Begin PBXNativeTarget section */
		E388EFCB288659890037DF1C /* RutokenSigning */ = {
			isa = PBXNativeTarget;
			buildConfigurationList = E388EFE0288659890037DF1C /* Build configuration list for PBXNativeTarget "RutokenSigning" */;
			buildPhases = (
				E388EFC7288659890037DF1C /* Headers */,
				E388EFC8288659890037DF1C /* Sources */,
				E388EFC9288659890037DF1C /* Frameworks */,
				E388EFCA288659890037DF1C /* Resources */,
			);
			buildRules = (
			);
			dependencies = (
			);
			name = RutokenSigning;
			productName = RutokenSigning;
			productReference = E388EFCC288659890037DF1C /* RutokenSigning.framework */;
			productType = "com.apple.product-type.framework";
		};
		E388EFD5288659890037DF1C /* RutokenSigningTests */ = {
			isa = PBXNativeTarget;
			buildConfigurationList = E388EFE3288659890037DF1C /* Build configuration list for PBXNativeTarget "RutokenSigningTests" */;
			buildPhases = (
				E388EFD2288659890037DF1C /* Sources */,
				E388EFD3288659890037DF1C /* Frameworks */,
				E388EFD4288659890037DF1C /* Resources */,
			);
			buildRules = (
			);
			dependencies = (
				E388EFD9288659890037DF1C /* PBXTargetDependency */,
			);
			name = RutokenSigningTests;
			productName = RutokenSigningTests;
			productReference = E388EFD6288659890037DF1C /* RutokenSigningTests.xctest */;
			productType = "com.apple.product-type.bundle.unit-test";
		};
/* End PBXNativeTarget section */

/* Begin PBXProject section */
		E388EFC3288659890037DF1C /* Project object */ = {
			isa = PBXProject;
			attributes = {
				BuildIndependentTargetsInParallel = 1;
				LastSwiftUpdateCheck = 1330;
				LastUpgradeCheck = 1330;
				TargetAttributes = {
					E388EFCB288659890037DF1C = {
						CreatedOnToolsVersion = 13.3.1;
					};
					E388EFD5288659890037DF1C = {
						CreatedOnToolsVersion = 13.3.1;
					};
				};
			};
			buildConfigurationList = E388EFC6288659890037DF1C /* Build configuration list for PBXProject "RutokenSigning" */;
			compatibilityVersion = "Xcode 13.0";
			developmentRegion = en;
			hasScannedForEncodings = 0;
			knownRegions = (
				en,
				Base,
			);
			mainGroup = E388EFC2288659890037DF1C;
			productRefGroup = E388EFCD288659890037DF1C /* Products */;
			projectDirPath = "";
			projectRoot = "";
			targets = (
				E388EFCB288659890037DF1C /* RutokenSigning */,
				E388EFD5288659890037DF1C /* RutokenSigningTests */,
			);
		};
/* End PBXProject section */

/* Begin PBXResourcesBuildPhase section */
		E388EFCA288659890037DF1C /* Resources */ = {
			isa = PBXResourcesBuildPhase;
			buildActionMask = 2147483647;
			files = (
			);
			runOnlyForDeploymentPostprocessing = 0;
		};
		E388EFD4288659890037DF1C /* Resources */ = {
			isa = PBXResourcesBuildPhase;
			buildActionMask = 2147483647;
			files = (
			);
			runOnlyForDeploymentPostprocessing = 0;
		};
/* End PBXResourcesBuildPhase section */

/* Begin PBXSourcesBuildPhase section */
		E388EFC8288659890037DF1C /* Sources */ = {
			isa = PBXSourcesBuildPhase;
			buildActionMask = 2147483647;
			files = (
				E388EFD1288659890037DF1C /* RutokenSigning.docc in Sources */,
				E3F8F04D288663E500A01A6E /* Test.swift in Sources */,
			);
			runOnlyForDeploymentPostprocessing = 0;
		};
		E388EFD2288659890037DF1C /* Sources */ = {
			isa = PBXSourcesBuildPhase;
			buildActionMask = 2147483647;
			files = (
				E388EFDC288659890037DF1C /* RutokenSigningTests.swift in Sources */,
			);
			runOnlyForDeploymentPostprocessing = 0;
		};
/* End PBXSourcesBuildPhase section */

/* Begin PBXTargetDependency section */
		E388EFD9288659890037DF1C /* PBXTargetDependency */ = {
			isa = PBXTargetDependency;
			target = E388EFCB288659890037DF1C /* RutokenSigning */;
			targetProxy = E388EFD8288659890037DF1C /* PBXContainerItemProxy */;
		};
/* End PBXTargetDependency section */

/* Begin XCBuildConfiguration section */
		E388EFDE288659890037DF1C /* Debug */ = {
			isa = XCBuildConfiguration;
			buildSettings = {
				ALWAYS_SEARCH_USER_PATHS = NO;
				CLANG_ANALYZER_NONNULL = YES;
				CLANG_ANALYZER_NUMBER_OBJECT_CONVERSION = YES_AGGRESSIVE;
				CLANG_CXX_LANGUAGE_STANDARD = "gnu++17";
				CLANG_ENABLE_MODULES = YES;
				CLANG_ENABLE_OBJC_ARC = YES;
				CLANG_ENABLE_OBJC_WEAK = YES;
				CLANG_WARN_BLOCK_CAPTURE_AUTORELEASING = YES;
				CLANG_WARN_BOOL_CONVERSION = YES;
				CLANG_WARN_COMMA = YES;
				CLANG_WARN_CONSTANT_CONVERSION = YES;
				CLANG_WARN_DEPRECATED_OBJC_IMPLEMENTATIONS = YES;
				CLANG_WARN_DIRECT_OBJC_ISA_USAGE = YES_ERROR;
				CLANG_WARN_DOCUMENTATION_COMMENTS = YES;
				CLANG_WARN_EMPTY_BODY = YES;
				CLANG_WARN_ENUM_CONVERSION = YES;
				CLANG_WARN_INFINITE_RECURSION = YES;
				CLANG_WARN_INT_CONVERSION = YES;
				CLANG_WARN_NON_LITERAL_NULL_CONVERSION = YES;
				CLANG_WARN_OBJC_IMPLICIT_RETAIN_SELF = YES;
				CLANG_WARN_OBJC_LITERAL_CONVERSION = YES;
				CLANG_WARN_OBJC_ROOT_CLASS = YES_ERROR;
				CLANG_WARN_QUOTED_INCLUDE_IN_FRAMEWORK_HEADER = YES;
				CLANG_WARN_RANGE_LOOP_ANALYSIS = YES;
				CLANG_WARN_STRICT_PROTOTYPES = YES;
				CLANG_WARN_SUSPICIOUS_MOVE = YES;
				CLANG_WARN_UNGUARDED_AVAILABILITY = YES_AGGRESSIVE;
				CLANG_WARN_UNREACHABLE_CODE = YES;
				CLANG_WARN__DUPLICATE_METHOD_MATCH = YES;
				COPY_PHASE_STRIP = NO;
				CURRENT_PROJECT_VERSION = 1;
				DEBUG_INFORMATION_FORMAT = dwarf;
				ENABLE_STRICT_OBJC_MSGSEND = YES;
				ENABLE_TESTABILITY = YES;
				GCC_C_LANGUAGE_STANDARD = gnu11;
				GCC_DYNAMIC_NO_PIC = NO;
				GCC_NO_COMMON_BLOCKS = YES;
				GCC_OPTIMIZATION_LEVEL = 0;
				GCC_PREPROCESSOR_DEFINITIONS = (
					"DEBUG=1",
					"$(inherited)",
				);
				GCC_WARN_64_TO_32_BIT_CONVERSION = YES;
				GCC_WARN_ABOUT_RETURN_TYPE = YES_ERROR;
				GCC_WARN_UNDECLARED_SELECTOR = YES;
				GCC_WARN_UNINITIALIZED_AUTOS = YES_AGGRESSIVE;
				GCC_WARN_UNUSED_FUNCTION = YES;
				GCC_WARN_UNUSED_VARIABLE = YES;
				IPHONEOS_DEPLOYMENT_TARGET = 15.4;
				MTL_ENABLE_DEBUG_INFO = INCLUDE_SOURCE;
				MTL_FAST_MATH = YES;
				ONLY_ACTIVE_ARCH = YES;
				SDKROOT = iphoneos;
				SWIFT_ACTIVE_COMPILATION_CONDITIONS = DEBUG;
				SWIFT_OPTIMIZATION_LEVEL = "-Onone";
				VERSIONING_SYSTEM = "apple-generic";
				VERSION_INFO_PREFIX = "";
			};
			name = Debug;
		};
		E388EFDF288659890037DF1C /* Release */ = {
			isa = XCBuildConfiguration;
			buildSettings = {
				ALWAYS_SEARCH_USER_PATHS = NO;
				CLANG_ANALYZER_NONNULL = YES;
				CLANG_ANALYZER_NUMBER_OBJECT_CONVERSION = YES_AGGRESSIVE;
				CLANG_CXX_LANGUAGE_STANDARD = "gnu++17";
				CLANG_ENABLE_MODULES = YES;
				CLANG_ENABLE_OBJC_ARC = YES;
				CLANG_ENABLE_OBJC_WEAK = YES;
				CLANG_WARN_BLOCK_CAPTURE_AUTORELEASING = YES;
				CLANG_WARN_BOOL_CONVERSION = YES;
				CLANG_WARN_COMMA = YES;
				CLANG_WARN_CONSTANT_CONVERSION = YES;
				CLANG_WARN_DEPRECATED_OBJC_IMPLEMENTATIONS = YES;
				CLANG_WARN_DIRECT_OBJC_ISA_USAGE = YES_ERROR;
				CLANG_WARN_DOCUMENTATION_COMMENTS = YES;
				CLANG_WARN_EMPTY_BODY = YES;
				CLANG_WARN_ENUM_CONVERSION = YES;
				CLANG_WARN_INFINITE_RECURSION = YES;
				CLANG_WARN_INT_CONVERSION = YES;
				CLANG_WARN_NON_LITERAL_NULL_CONVERSION = YES;
				CLANG_WARN_OBJC_IMPLICIT_RETAIN_SELF = YES;
				CLANG_WARN_OBJC_LITERAL_CONVERSION = YES;
				CLANG_WARN_OBJC_ROOT_CLASS = YES_ERROR;
				CLANG_WARN_QUOTED_INCLUDE_IN_FRAMEWORK_HEADER = YES;
				CLANG_WARN_RANGE_LOOP_ANALYSIS = YES;
				CLANG_WARN_STRICT_PROTOTYPES = YES;
				CLANG_WARN_SUSPICIOUS_MOVE = YES;
				CLANG_WARN_UNGUARDED_AVAILABILITY = YES_AGGRESSIVE;
				CLANG_WARN_UNREACHABLE_CODE = YES;
				CLANG_WARN__DUPLICATE_METHOD_MATCH = YES;
				COPY_PHASE_STRIP = NO;
				CURRENT_PROJECT_VERSION = 1;
				DEBUG_INFORMATION_FORMAT = "dwarf-with-dsym";
				ENABLE_NS_ASSERTIONS = NO;
				ENABLE_STRICT_OBJC_MSGSEND = YES;
				GCC_C_LANGUAGE_STANDARD = gnu11;
				GCC_NO_COMMON_BLOCKS = YES;
				GCC_WARN_64_TO_32_BIT_CONVERSION = YES;
				GCC_WARN_ABOUT_RETURN_TYPE = YES_ERROR;
				GCC_WARN_UNDECLARED_SELECTOR = YES;
				GCC_WARN_UNINITIALIZED_AUTOS = YES_AGGRESSIVE;
				GCC_WARN_UNUSED_FUNCTION = YES;
				GCC_WARN_UNUSED_VARIABLE = YES;
				IPHONEOS_DEPLOYMENT_TARGET = 15.4;
				MTL_ENABLE_DEBUG_INFO = NO;
				MTL_FAST_MATH = YES;
				SDKROOT = iphoneos;
				SWIFT_COMPILATION_MODE = wholemodule;
				SWIFT_OPTIMIZATION_LEVEL = "-O";
				VALIDATE_PRODUCT = YES;
				VERSIONING_SYSTEM = "apple-generic";
				VERSION_INFO_PREFIX = "";
			};
			name = Release;
		};
		E388EFE1288659890037DF1C /* Debug */ = {
			isa = XCBuildConfiguration;
			buildSettings = {
				CODE_SIGN_IDENTITY = "Apple Development";
				"CODE_SIGN_IDENTITY[sdk=macosx*]" = "Apple Development";
				CODE_SIGN_STYLE = Automatic;
				CURRENT_PROJECT_VERSION = 1;
				DEFINES_MODULE = YES;
				DEVELOPMENT_TEAM = A4Y74P77FU;
				DYLIB_COMPATIBILITY_VERSION = 1;
				DYLIB_CURRENT_VERSION = 1;
				DYLIB_INSTALL_NAME_BASE = "@rpath";
				GENERATE_INFOPLIST_FILE = YES;
				INFOPLIST_KEY_NSHumanReadableCopyright = "";
				INSTALL_PATH = "$(LOCAL_LIBRARY_DIR)/Frameworks";
				LD_RUNPATH_SEARCH_PATHS = (
					"$(inherited)",
					"@executable_path/Frameworks",
					"@loader_path/Frameworks",
				);
				MARKETING_VERSION = 1.0;
				PRODUCT_BUNDLE_IDENTIFIER = ru.oct.smbapp.rtsigning.RutokenSigning;
				PRODUCT_NAME = "$(TARGET_NAME:c99extidentifier)";
				PROVISIONING_PROFILE_SPECIFIER = "";
				"PROVISIONING_PROFILE_SPECIFIER[sdk=macosx*]" = "";
				SKIP_INSTALL = YES;
				SWIFT_EMIT_LOC_STRINGS = YES;
				SWIFT_VERSION = 5.0;
				TARGETED_DEVICE_FAMILY = "1,2";
			};
			name = Debug;
		};
		E388EFE2288659890037DF1C /* Release */ = {
			isa = XCBuildConfiguration;
			buildSettings = {
				CODE_SIGN_IDENTITY = "Apple Development";
				"CODE_SIGN_IDENTITY[sdk=macosx*]" = "Apple Development";
				CODE_SIGN_STYLE = Automatic;
				CURRENT_PROJECT_VERSION = 1;
				DEFINES_MODULE = YES;
				DEVELOPMENT_TEAM = A4Y74P77FU;
				DYLIB_COMPATIBILITY_VERSION = 1;
				DYLIB_CURRENT_VERSION = 1;
				DYLIB_INSTALL_NAME_BASE = "@rpath";
				GENERATE_INFOPLIST_FILE = YES;
				INFOPLIST_KEY_NSHumanReadableCopyright = "";
				INSTALL_PATH = "$(LOCAL_LIBRARY_DIR)/Frameworks";
				LD_RUNPATH_SEARCH_PATHS = (
					"$(inherited)",
					"@executable_path/Frameworks",
					"@loader_path/Frameworks",
				);
				MARKETING_VERSION = 1.0;
				PRODUCT_BUNDLE_IDENTIFIER = ru.oct.smbapp.rtsigning.RutokenSigning;
				PRODUCT_NAME = "$(TARGET_NAME:c99extidentifier)";
				PROVISIONING_PROFILE_SPECIFIER = "";
				"PROVISIONING_PROFILE_SPECIFIER[sdk=macosx*]" = "";
				SKIP_INSTALL = YES;
				SWIFT_EMIT_LOC_STRINGS = YES;
				SWIFT_VERSION = 5.0;
				TARGETED_DEVICE_FAMILY = "1,2";
			};
			name = Release;
		};
		E388EFE4288659890037DF1C /* Debug */ = {
			isa = XCBuildConfiguration;
			buildSettings = {
				ALWAYS_EMBED_SWIFT_STANDARD_LIBRARIES = YES;
				CODE_SIGN_STYLE = Automatic;
				CURRENT_PROJECT_VERSION = 1;
				DEVELOPMENT_TEAM = A4Y74P77FU;
				GENERATE_INFOPLIST_FILE = YES;
				MARKETING_VERSION = 1.0;
				PRODUCT_BUNDLE_IDENTIFIER = ru.oct.smbapp.rtsigning.RutokenSigningTests;
				PRODUCT_NAME = "$(TARGET_NAME)";
				SWIFT_EMIT_LOC_STRINGS = NO;
				SWIFT_VERSION = 5.0;
				TARGETED_DEVICE_FAMILY = "1,2";
			};
			name = Debug;
		};
		E388EFE5288659890037DF1C /* Release */ = {
			isa = XCBuildConfiguration;
			buildSettings = {
				ALWAYS_EMBED_SWIFT_STANDARD_LIBRARIES = YES;
				CODE_SIGN_STYLE = Automatic;
				CURRENT_PROJECT_VERSION = 1;
				DEVELOPMENT_TEAM = A4Y74P77FU;
				GENERATE_INFOPLIST_FILE = YES;
				MARKETING_VERSION = 1.0;
				PRODUCT_BUNDLE_IDENTIFIER = ru.oct.smbapp.rtsigning.RutokenSigningTests;
				PRODUCT_NAME = "$(TARGET_NAME)";
				SWIFT_EMIT_LOC_STRINGS = NO;
				SWIFT_VERSION = 5.0;
				TARGETED_DEVICE_FAMILY = "1,2";
			};
			name = Release;
		};
/* End XCBuildConfiguration section */

/* Begin XCConfigurationList section */
		E388EFC6288659890037DF1C /* Build configuration list for PBXProject "RutokenSigning" */ = {
			isa = XCConfigurationList;
			buildConfigurations = (
				E388EFDE288659890037DF1C /* Debug */,
				E388EFDF288659890037DF1C /* Release */,
			);
			defaultConfigurationIsVisible = 0;
			defaultConfigurationName = Release;
		};
		E388EFE0288659890037DF1C /* Build configuration list for PBXNativeTarget "RutokenSigning" */ = {
			isa = XCConfigurationList;
			buildConfigurations = (
				E388EFE1288659890037DF1C /* Debug */,
				E388EFE2288659890037DF1C /* Release */,
			);
			defaultConfigurationIsVisible = 0;
			defaultConfigurationName = Release;
		};
		E388EFE3288659890037DF1C /* Build configuration list for PBXNativeTarget "RutokenSigningTests" */ = {
			isa = XCConfigurationList;
			buildConfigurations = (
				E388EFE4288659890037DF1C /* Debug */,
				E388EFE5288659890037DF1C /* Release */,
			);
			defaultConfigurationIsVisible = 0;
			defaultConfigurationName = Release;
		};
/* End XCConfigurationList section */
	};
	rootObject = E388EFC3288659890037DF1C /* Project object */;
}
